
Microsoft Visual Studio Solution File, Format Version 12.00
# Visual Studio 15
VisualStudioVersion = 15.0.28307.271
MinimumVisualStudioVersion = 10.0.40219.1
Project("{FAE04EC0-301F-11D3-BF4B-00C04F79EFBC}") = "ActivityTracker", "ActivityTracker\ActivityTracker.csproj", "{CB5D7AD1-161E-402A-9A8C-67D1A3321F38}"
EndProject
Project("{FAE04EC0-301F-11D3-BF4B-00C04F79EFBC}") = "Components.ActivityTracker", "Components.ActivityTracker\Components.ActivityTracker.csproj", "{F237821D-CBE1-4479-8EE7-D8A429363FD0}"
EndProject
Project("{FAE04EC0-301F-11D3-BF4B-00C04F79EFBC}") = "ActivityTrackerTests", "ActivityTrackerTests\ActivityTrackerTests.csproj", "{38B9AD66-7F75-4864-8AFB-DC3AE11E89EE}"
EndProject
Project("{2150E333-8FDC-42A3-9474-1A3956D46DE8}") = "_Documentation", "_Documentation", "{9A44062B-135A-4029-B84D-7C39CD01F7CE}"
	ProjectSection(SolutionItems) = preProject
		..\Documentation\docfx.json = ..\Documentation\docfx.json
		..\Documentation\index.md = ..\Documentation\index.md
		..\Documentation\toc.yml = ..\Documentation\toc.yml
	EndProjectSection
EndProject
Project("{2150E333-8FDC-42A3-9474-1A3956D46DE8}") = "api", "api", "{1D96F705-F520-4CEA-8B88-B1FFE9E4950B}"
	ProjectSection(SolutionItems) = preProject
		..\Documentation\api\index.md = ..\Documentation\api\index.md
	EndProjectSection
EndProject
Project("{2150E333-8FDC-42A3-9474-1A3956D46DE8}") = "articles", "articles", "{214560B7-E62F-4EAF-B597-3B08987634B7}"
	ProjectSection(SolutionItems) = preProject
		..\Documentation\articles\intro.md = ..\Documentation\articles\intro.md
		..\Documentation\articles\toc.yml = ..\Documentation\articles\toc.yml
	EndProjectSection
EndProject
Project("{2150E333-8FDC-42A3-9474-1A3956D46DE8}") = "images", "images", "{D26AC98E-8C19-4B21-9D3E-423BCBA0FCCA}"
EndProject
Global
	GlobalSection(SolutionConfigurationPlatforms) = preSolution
		Debug|Any CPU = Debug|Any CPU
		Release|Any CPU = Release|Any CPU
	EndGlobalSection
	GlobalSection(ProjectConfigurationPlatforms) = postSolution
		{CB5D7AD1-161E-402A-9A8C-67D1A3321F38}.Debug|Any CPU.ActiveCfg = Debug|Any CPU
		{CB5D7AD1-161E-402A-9A8C-67D1A3321F38}.Debug|Any CPU.Build.0 = Debug|Any CPU
		{CB5D7AD1-161E-402A-9A8C-67D1A3321F38}.Release|Any CPU.ActiveCfg = Release|Any CPU
		{CB5D7AD1-161E-402A-9A8C-67D1A3321F38}.Release|Any CPU.Build.0 = Release|Any CPU
		{F237821D-CBE1-4479-8EE7-D8A429363FD0}.Debug|Any CPU.ActiveCfg = Debug|Any CPU
		{F237821D-CBE1-4479-8EE7-D8A429363FD0}.Debug|Any CPU.Build.0 = Debug|Any CPU
		{F237821D-CBE1-4479-8EE7-D8A429363FD0}.Release|Any CPU.ActiveCfg = Release|Any CPU
		{F237821D-CBE1-4479-8EE7-D8A429363FD0}.Release|Any CPU.Build.0 = Release|Any CPU
		{38B9AD66-7F75-4864-8AFB-DC3AE11E89EE}.Debug|Any CPU.ActiveCfg = Debug|Any CPU
		{38B9AD66-7F75-4864-8AFB-DC3AE11E89EE}.Debug|Any CPU.Build.0 = Debug|Any CPU
		{38B9AD66-7F75-4864-8AFB-DC3AE11E89EE}.Release|Any CPU.ActiveCfg = Release|Any CPU
		{38B9AD66-7F75-4864-8AFB-DC3AE11E89EE}.Release|Any CPU.Build.0 = Release|Any CPU
	EndGlobalSection
	GlobalSection(SolutionProperties) = preSolution
		HideSolutionNode = FALSE
	EndGlobalSection
	GlobalSection(NestedProjects) = preSolution
		{1D96F705-F520-4CEA-8B88-B1FFE9E4950B} = {9A44062B-135A-4029-B84D-7C39CD01F7CE}
		{214560B7-E62F-4EAF-B597-3B08987634B7} = {9A44062B-135A-4029-B84D-7C39CD01F7CE}
		{D26AC98E-8C19-4B21-9D3E-423BCBA0FCCA} = {9A44062B-135A-4029-B84D-7C39CD01F7CE}
	EndGlobalSection
	GlobalSection(ExtensibilityGlobals) = postSolution
		SolutionGuid = {D95285D7-C525-4BBB-AE86-54B1E5505ECC}
	EndGlobalSection
EndGlobal
